
Microsoft Visual Studio Solution File, Format Version 12.00
# Visual Studio Version 17
VisualStudioVersion = 17.13.35931.197 d17.13
MinimumVisualStudioVersion = 10.0.40219.1
Project("{8BC9CEB8-8B4A-11D0-8D11-00A0C91BC942}") = "DataStructurs", "DataStructurs\DataStructurs.vcxproj", "{B5DB70F2-FBFF-40E5-8B20-B0E8BB6E1C1C}"
EndProject
Global
	GlobalSection(SolutionConfigurationPlatforms) = preSolution
		Debug|x64 = Debug|x64
		Debug|x86 = Debug|x86
		Release|x64 = Release|x64
		Release|x86 = Release|x86
	EndGlobalSection
	GlobalSection(ProjectConfigurationPlatforms) = postSolution
		{B5DB70F2-FBFF-40E5-8B20-B0E8BB6E1C1C}.Debug|x64.ActiveCfg = Debug|x64
		{B5DB70F2-FBFF-40E5-8B20-B0E8BB6E1C1C}.Debug|x64.Build.0 = Debug|x64
		{B5DB70F2-FBFF-40E5-8B20-B0E8BB6E1C1C}.Debug|x86.ActiveCfg = Debug|Win32
		{B5DB70F2-FBFF-40E5-8B20-B0E8BB6E1C1C}.Debug|x86.Build.0 = Debug|Win32
		{B5DB70F2-FBFF-40E5-8B20-B0E8BB6E1C1C}.Release|x64.ActiveCfg = Release|x64
		{B5DB70F2-FBFF-40E5-8B20-B0E8BB6E1C1C}.Release|x64.Build.0 = Release|x64
		{B5DB70F2-FBFF-40E5-8B20-B0E8BB6E1C1C}.Release|x86.ActiveCfg = Release|Win32
		{B5DB70F2-FBFF-40E5-8B20-B0E8BB6E1C1C}.Release|x86.Build.0 = Release|Win32
	EndGlobalSection
	GlobalSection(SolutionProperties) = preSolution
		HideSolutionNode = FALSE
	EndGlobalSection
	GlobalSection(ExtensibilityGlobals) = postSolution
		SolutionGuid = {1D381EA7-E790-42BC-83BC-72D3830DD372}
	EndGlobalSection
EndGlobal
